dependencies:
- name: opensandbox-controller
  repository: file://../opensandbox-controller
  version: 0.2.0
- name: opensandbox-server
  repository: file://../opensandbox-server
  version: 0.1.0
- name: opensandbox-node-agent
  repository: file://../opensandbox-node-agent
  version: 0.1.0
digest: sha256:18ed87f3960e0df808eba7bd27455e416dc6330951281493bba4bb0ab0321512
generated: "2026-07-30T14:58:20.116343+08:00"
